Microsoft Visual Studio Solution File, Format Version 12.00
# Visual Studio Version 17
VisualStudioVersion = 17.8.34330.188
MinimumVisualStudioVersion = 10.0.40219.1
Project("{2150E333-8FDC-42A3-9474-1A3956D46DE8}") = "Solution Items", "Solution Items", "{6F7B4D52-3B15-4A79-9BB3-E8B54915A43C}"
	ProjectSection(SolutionItems) = preProject
		ARCHITECT.md = ARCHITECT.md
		azure-pipelines.yml = azure-pipelines.yml
		MIGRATION_GUIDE.md = MIGRATION_GUIDE.md
		NAMING.md = NAMING.md
		README.md = README.md
		RULE.md = RULE.md
	EndProjectSection
EndProject
Project("{2150E333-8FDC-42A3-9474-1A3956D46DE8}") = "src", "src", "{A50F26A7-81F7-4A19-A7E9-5A6AAE3C4C23}"
EndProject
Project("{2150E333-8FDC-42A3-9474-1A3956D46DE8}") = "Aspire", "Aspire", "{BA15B61B-0E0A-4B11-BC65-8F81EEA605A2}"
EndProject
Project("{2150E333-8FDC-42A3-9474-1A3956D46DE8}") = "ECM", "ECM", "{7A90AA6D-3567-43F6-8F4F-3DC3C2E1777F}"
EndProject
Project("{2150E333-8FDC-42A3-9474-1A3956D46DE8}") = "Workers", "Workers", "{6E0E7B25-96FE-4D18-A954-4E67804C8621}"
EndProject
Project("{2150E333-8FDC-42A3-9474-1A3956D46DE8}") = "Ocr", "Ocr", "{3D58D91D-9D54-40D1-B4B5-6B46D504F877}"
EndProject
Project("{2150E333-8FDC-42A3-9474-1A3956D46DE8}") = "Shared", "Shared", "{E5F8C4B5-6B0A-4AFA-B2D1-0F15E216F617}"
EndProject
Project("{2150E333-8FDC-42A3-9474-1A3956D46DE8}") = "AppGateway", "AppGateway", "{36764501-FFBB-4C5A-8826-027A842FDF32}"
EndProject
Project("{2150E333-8FDC-42A3-9474-1A3956D46DE8}") = "Tests", "Tests", "{FFEA8955-09A4-4B2C-ACE5-CB54BFE158E2}"
EndProject
Project("{2150E333-8FDC-42A3-9474-1A3956D46DE8}") = "Modules", "Modules", "{ED699F67-46A0-40B1-8EEB-63AF8513F18D}"
EndProject
Project("{FAE04EC0-301F-11D3-BF4B-00C04F79EFBC}") = "AppHost", "src\Aspire\ECM.AppHost\AppHost.csproj", "{56D5ECF6-25EB-4DD9-8EC7-601F8A14258B}"
EndProject
Project("{FAE04EC0-301F-11D3-BF4B-00C04F79EFBC}") = "ServiceDefaults.Tests", "tests\ServiceDefaults.Tests\ServiceDefaults.Tests.csproj", "{211451B8-E711-4A6A-8A16-696984F1F651}"
EndProject
Project("{FAE04EC0-301F-11D3-BF4B-00C04F79EFBC}") = "Document.Tests", "tests\Document.Tests\Document.Tests.csproj", "{67FDE2E8-255F-468F-8042-B1EFFA150991}"
EndProject
Project("{FAE04EC0-301F-11D3-BF4B-00C04F79EFBC}") = "File.Tests", "tests\File.Tests\File.Tests.csproj", "{AC7E7806-02F4-4283-B87E-AD70F180B3A3}"
EndProject
Project("{FAE04EC0-301F-11D3-BF4B-00C04F79EFBC}") = "IAM.Test", "tests\IAM.Test\IAM.Test.csproj", "{9D5FE251-7FB8-4081-869D-9C31FE659D6E}"
EndProject
Project("{FAE04EC0-301F-11D3-BF4B-00C04F79EFBC}") = "Workflow.Tests", "tests\Workflow.Tests\Workflow.Tests.csproj", "{DB422851-9461-4346-85C1-80B05AAFB37C}"
EndProject
Project("{FAE04EC0-301F-11D3-BF4B-00C04F79EFBC}") = "SearchRead.Tests", "tests\SearchRead.Tests\SearchRead.Tests.csproj", "{0175A6BA-00D9-4C00-8FF5-2412A70DA99A}"
EndProject
Project("{FAE04EC0-301F-11D3-BF4B-00C04F79EFBC}") = "SearchIndexer.Tests", "tests\SearchIndexer.Tests\SearchIndexer.Tests.csproj", "{1A9E17A1-B4A5-438B-A004-C7BF7E90EB26}"
EndProject
Project("{FAE04EC0-301F-11D3-BF4B-00C04F79EFBC}") = "ServiceDefaults", "src\Aspire\ECM.ServiceDefaults\ServiceDefaults.csproj", "{505CAA70-78FC-4746-8C40-B6EB1AB8F5F7}"
EndProject
Project("{FAE04EC0-301F-11D3-BF4B-00C04F79EFBC}") = "AppGateway.Api", "src\AppGateway\AppGateway.Api\AppGateway.Api.csproj", "{2978D62D-CC1C-4189-B11A-193D5583D73B}"
EndProject
Project("{FAE04EC0-301F-11D3-BF4B-00C04F79EFBC}") = "SearchIndexer", "src\Workers\SearchIndexer.Worker\SearchIndexer.csproj", "{FA18F88D-0695-47DC-8C79-B9946CA6222A}"
EndProject
Project("{FAE04EC0-301F-11D3-BF4B-00C04F79EFBC}") = "OutboxDispatcher", "src\Workers\OutboxDispatcher.Worker\OutboxDispatcher.csproj", "{565B30EA-E91F-451B-B101-73D21E6ABA24}"
EndProject
Project("{FAE04EC0-301F-11D3-BF4B-00C04F79EFBC}") = "Notify", "src\Workers\Notify.Worker\Notify.csproj", "{9882E492-235A-42A3-8A64-F1077BC3A286}"
EndProject
Project("{FAE04EC0-301F-11D3-BF4B-00C04F79EFBC}") = "ECM.Host", "src\ECM\ECM.Host\ECM.Host.csproj", "{2879C29D-7276-464A-B841-53ABD4F4C294}"
EndProject
Project("{FAE04EC0-301F-11D3-BF4B-00C04F79EFBC}") = "ECM.BuildingBlocks", "src\ECM\ECM.BuildingBlocks\ECM.BuildingBlocks.csproj", "{878B98EE-28B2-4B63-8464-1560A149A0FD}"
EndProject
Project("{FAE04EC0-301F-11D3-BF4B-00C04F79EFBC}") = "ECM.Abstractions", "src\Modules\Abstractions\ECM.Abstractions.csproj", "{76067658-16AD-47FB-A247-5C5DCFB1E427}"
EndProject
Project("{FAE04EC0-301F-11D3-BF4B-00C04F79EFBC}") = "ECM.IAM", "src\Modules\IAM\ECM.IAM.csproj", "{512473A3-D8BB-4C8F-8016-7CDA995427D2}"
EndProject
Project("{FAE04EC0-301F-11D3-BF4B-00C04F79EFBC}") = "ECM.Document", "src\Modules\Document\ECM.Document.csproj", "{9936EEEA-FDC2-4772-A0DE-2556D4921905}"
EndProject
Project("{FAE04EC0-301F-11D3-BF4B-00C04F79EFBC}") = "ECM.File", "src\Modules\File\ECM.File.csproj", "{B77ABD68-3942-46CD-BF56-85C59BB202E0}"
EndProject
Project("{FAE04EC0-301F-11D3-BF4B-00C04F79EFBC}") = "ECM.Operations", "src\Modules\Operations\ECM.Operations.csproj", "{95F08584-E7A9-423B-A22D-DB551AA0A991}"
EndProject
Project("{FAE04EC0-301F-11D3-BF4B-00C04F79EFBC}") = "ECM.Workflow", "src\Modules\Workflow\ECM.Workflow.csproj", "{6F199300-8A79-439E-992D-32B66A632952}"
EndProject
Project("{FAE04EC0-301F-11D3-BF4B-00C04F79EFBC}") = "ECM.Signature", "src\Modules\Signature\ECM.Signature.csproj", "{5C7EC85F-4B2F-400A-81E2-FFC23318026A}"
EndProject
Project("{FAE04EC0-301F-11D3-BF4B-00C04F79EFBC}") = "ECM.SearchRead", "src\Modules\SearchRead\ECM.SearchRead.csproj", "{245D2AD7-E006-45F3-B895-3F5888EF0502}"
EndProject
Project("{FAE04EC0-301F-11D3-BF4B-00C04F79EFBC}") = "ECM.SearchIndexer", "src\Modules\SearchIndexer\ECM.SearchIndexer.csproj", "{9FF073FB-8DA7-468E-8E10-5041F653D053}"
EndProject
Project("{FAE04EC0-301F-11D3-BF4B-00C04F79EFBC}") = "AppGateway.Contracts", "src\AppGateway\AppGateway.Contracts\AppGateway.Contracts.csproj", "{52A13C99-8786-461D-A1F1-22E7CE02F0D4}"
EndProject
Project("{FAE04EC0-301F-11D3-BF4B-00C04F79EFBC}") = "AppGateway.Infrastructure", "src\AppGateway\AppGateway.Infrastructure\AppGateway.Infrastructure.csproj", "{10F5A1F1-F7C8-4425-9747-DEB9FADA5E17}"
EndProject
Project("{FAE04EC0-301F-11D3-BF4B-00C04F79EFBC}") = "Shared.Contracts", "src\Shared\Contracts\Shared.Contracts.csproj", "{1EA6F0B3-890C-4AA4-BD00-0F1372DB7FC4}"
EndProject
Project("{FAE04EC0-301F-11D3-BF4B-00C04F79EFBC}") = "Shared.Messaging", "src\Shared\Messaging\Shared.Messaging.csproj", "{B280D780-878A-437E-A6D8-C8ADF98645C0}"
EndProject
Project("{FAE04EC0-301F-11D3-BF4B-00C04F79EFBC}") = "Shared.Utilities", "src\Shared\Utilities\Shared.Utilities.csproj", "{AFA144C0-6B8E-4827-9274-35DCF701563D}"
EndProject
Project("{FAE04EC0-301F-11D3-BF4B-00C04F79EFBC}") = "Shared.Extensions", "src\Shared\Extensions\Shared.Extensions.csproj", "{ACB9678B-3A6B-40FE-B1F7-B964EB8E783A}"
EndProject
Global
	GlobalSection(SolutionConfigurationPlatforms) = preSolution
		Debug|Any CPU = Debug|Any CPU
		Release|Any CPU = Release|Any CPU
	EndGlobalSection
	GlobalSection(ProjectConfigurationPlatforms) = postSolution
		{56D5ECF6-25EB-4DD9-8EC7-601F8A14258B}.Debug|Any CPU.ActiveCfg = Debug|Any CPU
		{56D5ECF6-25EB-4DD9-8EC7-601F8A14258B}.Debug|Any CPU.Build.0 = Debug|Any CPU
		{56D5ECF6-25EB-4DD9-8EC7-601F8A14258B}.Release|Any CPU.ActiveCfg = Release|Any CPU
		{56D5ECF6-25EB-4DD9-8EC7-601F8A14258B}.Release|Any CPU.Build.0 = Release|Any CPU
		{211451B8-E711-4A6A-8A16-696984F1F651}.Debug|Any CPU.ActiveCfg = Debug|Any CPU
		{211451B8-E711-4A6A-8A16-696984F1F651}.Debug|Any CPU.Build.0 = Debug|Any CPU
		{211451B8-E711-4A6A-8A16-696984F1F651}.Release|Any CPU.ActiveCfg = Release|Any CPU
		{67FDE2E8-255F-468F-8042-B1EFFA150991}.Debug|Any CPU.ActiveCfg = Debug|Any CPU
		{67FDE2E8-255F-468F-8042-B1EFFA150991}.Debug|Any CPU.Build.0 = Debug|Any CPU
		{67FDE2E8-255F-468F-8042-B1EFFA150991}.Release|Any CPU.ActiveCfg = Release|Any CPU
		{67FDE2E8-255F-468F-8042-B1EFFA150991}.Release|Any CPU.Build.0 = Release|Any CPU
		{AC7E7806-02F4-4283-B87E-AD70F180B3A3}.Debug|Any CPU.ActiveCfg = Debug|Any CPU
		{AC7E7806-02F4-4283-B87E-AD70F180B3A3}.Debug|Any CPU.Build.0 = Debug|Any CPU
		{AC7E7806-02F4-4283-B87E-AD70F180B3A3}.Release|Any CPU.ActiveCfg = Release|Any CPU
		{AC7E7806-02F4-4283-B87E-AD70F180B3A3}.Release|Any CPU.Build.0 = Release|Any CPU
		{9D5FE251-7FB8-4081-869D-9C31FE659D6E}.Debug|Any CPU.ActiveCfg = Debug|Any CPU
		{9D5FE251-7FB8-4081-869D-9C31FE659D6E}.Debug|Any CPU.Build.0 = Debug|Any CPU
		{9D5FE251-7FB8-4081-869D-9C31FE659D6E}.Release|Any CPU.ActiveCfg = Release|Any CPU
		{9D5FE251-7FB8-4081-869D-9C31FE659D6E}.Release|Any CPU.Build.0 = Release|Any CPU
		{DB422851-9461-4346-85C1-80B05AAFB37C}.Debug|Any CPU.ActiveCfg = Debug|Any CPU
		{DB422851-9461-4346-85C1-80B05AAFB37C}.Debug|Any CPU.Build.0 = Debug|Any CPU
		{DB422851-9461-4346-85C1-80B05AAFB37C}.Release|Any CPU.ActiveCfg = Release|Any CPU
		{DB422851-9461-4346-85C1-80B05AAFB37C}.Release|Any CPU.Build.0 = Release|Any CPU
		{0175A6BA-00D9-4C00-8FF5-2412A70DA99A}.Debug|Any CPU.ActiveCfg = Debug|Any CPU
		{0175A6BA-00D9-4C00-8FF5-2412A70DA99A}.Debug|Any CPU.Build.0 = Debug|Any CPU
		{0175A6BA-00D9-4C00-8FF5-2412A70DA99A}.Release|Any CPU.ActiveCfg = Release|Any CPU
		{0175A6BA-00D9-4C00-8FF5-2412A70DA99A}.Release|Any CPU.Build.0 = Release|Any CPU
		{1A9E17A1-B4A5-438B-A004-C7BF7E90EB26}.Debug|Any CPU.ActiveCfg = Debug|Any CPU
		{1A9E17A1-B4A5-438B-A004-C7BF7E90EB26}.Debug|Any CPU.Build.0 = Debug|Any CPU
		{1A9E17A1-B4A5-438B-A004-C7BF7E90EB26}.Release|Any CPU.ActiveCfg = Release|Any CPU
		{1A9E17A1-B4A5-438B-A004-C7BF7E90EB26}.Release|Any CPU.Build.0 = Release|Any CPU
		{505CAA70-78FC-4746-8C40-B6EB1AB8F5F7}.Debug|Any CPU.ActiveCfg = Debug|Any CPU
		{505CAA70-78FC-4746-8C40-B6EB1AB8F5F7}.Debug|Any CPU.Build.0 = Debug|Any CPU
		{505CAA70-78FC-4746-8C40-B6EB1AB8F5F7}.Release|Any CPU.ActiveCfg = Release|Any CPU
		{505CAA70-78FC-4746-8C40-B6EB1AB8F5F7}.Release|Any CPU.Build.0 = Release|Any CPU
		{2978D62D-CC1C-4189-B11A-193D5583D73B}.Debug|Any CPU.ActiveCfg = Debug|Any CPU
		{2978D62D-CC1C-4189-B11A-193D5583D73B}.Debug|Any CPU.Build.0 = Debug|Any CPU
		{2978D62D-CC1C-4189-B11A-193D5583D73B}.Release|Any CPU.ActiveCfg = Release|Any CPU
		{2978D62D-CC1C-4189-B11A-193D5583D73B}.Release|Any CPU.Build.0 = Release|Any CPU
		{FA18F88D-0695-47DC-8C79-B9946CA6222A}.Debug|Any CPU.ActiveCfg = Debug|Any CPU
		{FA18F88D-0695-47DC-8C79-B9946CA6222A}.Debug|Any CPU.Build.0 = Debug|Any CPU
		{FA18F88D-0695-47DC-8C79-B9946CA6222A}.Release|Any CPU.ActiveCfg = Release|Any CPU
		{FA18F88D-0695-47DC-8C79-B9946CA6222A}.Release|Any CPU.Build.0 = Release|Any CPU
		{565B30EA-E91F-451B-B101-73D21E6ABA24}.Debug|Any CPU.ActiveCfg = Debug|Any CPU
		{565B30EA-E91F-451B-B101-73D21E6ABA24}.Debug|Any CPU.Build.0 = Debug|Any CPU
		{565B30EA-E91F-451B-B101-73D21E6ABA24}.Release|Any CPU.ActiveCfg = Release|Any CPU
		{565B30EA-E91F-451B-B101-73D21E6ABA24}.Release|Any CPU.Build.0 = Release|Any CPU
		{9882E492-235A-42A3-8A64-F1077BC3A286}.Debug|Any CPU.ActiveCfg = Debug|Any CPU
		{9882E492-235A-42A3-8A64-F1077BC3A286}.Debug|Any CPU.Build.0 = Debug|Any CPU
		{9882E492-235A-42A3-8A64-F1077BC3A286}.Release|Any CPU.ActiveCfg = Release|Any CPU
		{9882E492-235A-42A3-8A64-F1077BC3A286}.Release|Any CPU.Build.0 = Release|Any CPU
		{2879C29D-7276-464A-B841-53ABD4F4C294}.Debug|Any CPU.ActiveCfg = Debug|Any CPU
		{2879C29D-7276-464A-B841-53ABD4F4C294}.Debug|Any CPU.Build.0 = Debug|Any CPU
		{2879C29D-7276-464A-B841-53ABD4F4C294}.Release|Any CPU.ActiveCfg = Release|Any CPU
		{2879C29D-7276-464A-B841-53ABD4F4C294}.Release|Any CPU.Build.0 = Release|Any CPU
		{878B98EE-28B2-4B63-8464-1560A149A0FD}.Debug|Any CPU.ActiveCfg = Debug|Any CPU
		{878B98EE-28B2-4B63-8464-1560A149A0FD}.Debug|Any CPU.Build.0 = Debug|Any CPU
		{878B98EE-28B2-4B63-8464-1560A149A0FD}.Release|Any CPU.ActiveCfg = Release|Any CPU
		{878B98EE-28B2-4B63-8464-1560A149A0FD}.Release|Any CPU.Build.0 = Release|Any CPU
		{76067658-16AD-47FB-A247-5C5DCFB1E427}.Debug|Any CPU.ActiveCfg = Debug|Any CPU
		{76067658-16AD-47FB-A247-5C5DCFB1E427}.Debug|Any CPU.Build.0 = Debug|Any CPU
		{76067658-16AD-47FB-A247-5C5DCFB1E427}.Release|Any CPU.ActiveCfg = Release|Any CPU
		{76067658-16AD-47FB-A247-5C5DCFB1E427}.Release|Any CPU.Build.0 = Release|Any CPU
		{512473A3-D8BB-4C8F-8016-7CDA995427D2}.Debug|Any CPU.ActiveCfg = Debug|Any CPU
		{512473A3-D8BB-4C8F-8016-7CDA995427D2}.Debug|Any CPU.Build.0 = Debug|Any CPU
		{512473A3-D8BB-4C8F-8016-7CDA995427D2}.Release|Any CPU.ActiveCfg = Release|Any CPU
		{512473A3-D8BB-4C8F-8016-7CDA995427D2}.Release|Any CPU.Build.0 = Release|Any CPU
		{9936EEEA-FDC2-4772-A0DE-2556D4921905}.Debug|Any CPU.ActiveCfg = Debug|Any CPU
		{9936EEEA-FDC2-4772-A0DE-2556D4921905}.Debug|Any CPU.Build.0 = Debug|Any CPU
		{9936EEEA-FDC2-4772-A0DE-2556D4921905}.Release|Any CPU.ActiveCfg = Release|Any CPU
		{9936EEEA-FDC2-4772-A0DE-2556D4921905}.Release|Any CPU.Build.0 = Release|Any CPU
		{B77ABD68-3942-46CD-BF56-85C59BB202E0}.Debug|Any CPU.ActiveCfg = Debug|Any CPU
		{B77ABD68-3942-46CD-BF56-85C59BB202E0}.Debug|Any CPU.Build.0 = Debug|Any CPU
		{B77ABD68-3942-46CD-BF56-85C59BB202E0}.Release|Any CPU.ActiveCfg = Release|Any CPU
		{B77ABD68-3942-46CD-BF56-85C59BB202E0}.Release|Any CPU.Build.0 = Release|Any CPU
		{95F08584-E7A9-423B-A22D-DB551AA0A991}.Debug|Any CPU.ActiveCfg = Debug|Any CPU
		{95F08584-E7A9-423B-A22D-DB551AA0A991}.Debug|Any CPU.Build.0 = Debug|Any CPU
		{95F08584-E7A9-423B-A22D-DB551AA0A991}.Release|Any CPU.ActiveCfg = Release|Any CPU
		{95F08584-E7A9-423B-A22D-DB551AA0A991}.Release|Any CPU.Build.0 = Release|Any CPU
		{6F199300-8A79-439E-992D-32B66A632952}.Debug|Any CPU.ActiveCfg = Debug|Any CPU
		{6F199300-8A79-439E-992D-32B66A632952}.Debug|Any CPU.Build.0 = Debug|Any CPU
		{6F199300-8A79-439E-992D-32B66A632952}.Release|Any CPU.ActiveCfg = Release|Any CPU
		{6F199300-8A79-439E-992D-32B66A632952}.Release|Any CPU.Build.0 = Release|Any CPU
		{5C7EC85F-4B2F-400A-81E2-FFC23318026A}.Debug|Any CPU.ActiveCfg = Debug|Any CPU
		{5C7EC85F-4B2F-400A-81E2-FFC23318026A}.Debug|Any CPU.Build.0 = Debug|Any CPU
		{5C7EC85F-4B2F-400A-81E2-FFC23318026A}.Release|Any CPU.ActiveCfg = Release|Any CPU
		{5C7EC85F-4B2F-400A-81E2-FFC23318026A}.Release|Any CPU.Build.0 = Release|Any CPU
		{245D2AD7-E006-45F3-B895-3F5888EF0502}.Debug|Any CPU.ActiveCfg = Debug|Any CPU
		{245D2AD7-E006-45F3-B895-3F5888EF0502}.Debug|Any CPU.Build.0 = Debug|Any CPU
		{245D2AD7-E006-45F3-B895-3F5888EF0502}.Release|Any CPU.ActiveCfg = Release|Any CPU
		{245D2AD7-E006-45F3-B895-3F5888EF0502}.Release|Any CPU.Build.0 = Release|Any CPU
		{9FF073FB-8DA7-468E-8E10-5041F653D053}.Debug|Any CPU.ActiveCfg = Debug|Any CPU
		{9FF073FB-8DA7-468E-8E10-5041F653D053}.Debug|Any CPU.Build.0 = Debug|Any CPU
		{9FF073FB-8DA7-468E-8E10-5041F653D053}.Release|Any CPU.ActiveCfg = Release|Any CPU
		{9FF073FB-8DA7-468E-8E10-5041F653D053}.Release|Any CPU.Build.0 = Release|Any CPU
		{52A13C99-8786-461D-A1F1-22E7CE02F0D4}.Debug|Any CPU.ActiveCfg = Debug|Any CPU
		{52A13C99-8786-461D-A1F1-22E7CE02F0D4}.Debug|Any CPU.Build.0 = Debug|Any CPU
		{52A13C99-8786-461D-A1F1-22E7CE02F0D4}.Release|Any CPU.ActiveCfg = Release|Any CPU
		{52A13C99-8786-461D-A1F1-22E7CE02F0D4}.Release|Any CPU.Build.0 = Release|Any CPU
		{10F5A1F1-F7C8-4425-9747-DEB9FADA5E17}.Debug|Any CPU.ActiveCfg = Debug|Any CPU
		{10F5A1F1-F7C8-4425-9747-DEB9FADA5E17}.Debug|Any CPU.Build.0 = Debug|Any CPU
		{10F5A1F1-F7C8-4425-9747-DEB9FADA5E17}.Release|Any CPU.ActiveCfg = Release|Any CPU
		{10F5A1F1-F7C8-4425-9747-DEB9FADA5E17}.Release|Any CPU.Build.0 = Release|Any CPU
		{1EA6F0B3-890C-4AA4-BD00-0F1372DB7FC4}.Debug|Any CPU.ActiveCfg = Debug|Any CPU
		{1EA6F0B3-890C-4AA4-BD00-0F1372DB7FC4}.Debug|Any CPU.Build.0 = Debug|Any CPU
		{1EA6F0B3-890C-4AA4-BD00-0F1372DB7FC4}.Release|Any CPU.ActiveCfg = Release|Any CPU
		{1EA6F0B3-890C-4AA4-BD00-0F1372DB7FC4}.Release|Any CPU.Build.0 = Release|Any CPU
		{B280D780-878A-437E-A6D8-C8ADF98645C0}.Debug|Any CPU.ActiveCfg = Debug|Any CPU
		{B280D780-878A-437E-A6D8-C8ADF98645C0}.Debug|Any CPU.Build.0 = Debug|Any CPU
		{B280D780-878A-437E-A6D8-C8ADF98645C0}.Release|Any CPU.ActiveCfg = Release|Any CPU
		{B280D780-878A-437E-A6D8-C8ADF98645C0}.Release|Any CPU.Build.0 = Release|Any CPU
		{AFA144C0-6B8E-4827-9274-35DCF701563D}.Debug|Any CPU.ActiveCfg = Debug|Any CPU
		{AFA144C0-6B8E-4827-9274-35DCF701563D}.Debug|Any CPU.Build.0 = Debug|Any CPU
		{AFA144C0-6B8E-4827-9274-35DCF701563D}.Release|Any CPU.ActiveCfg = Release|Any CPU
		{AFA144C0-6B8E-4827-9274-35DCF701563D}.Release|Any CPU.Build.0 = Release|Any CPU
		{ACB9678B-3A6B-40FE-B1F7-B964EB8E783A}.Debug|Any CPU.ActiveCfg = Debug|Any CPU
		{ACB9678B-3A6B-40FE-B1F7-B964EB8E783A}.Debug|Any CPU.Build.0 = Debug|Any CPU
		{ACB9678B-3A6B-40FE-B1F7-B964EB8E783A}.Release|Any CPU.ActiveCfg = Release|Any CPU
		{ACB9678B-3A6B-40FE-B1F7-B964EB8E783A}.Release|Any CPU.Build.0 = Release|Any CPU
	EndGlobalSection
	GlobalSection(SolutionProperties) = preSolution
		HideSolutionNode = FALSE
	EndGlobalSection
	GlobalSection(NestedProjects) = preSolution
		{BA15B61B-0E0A-4B11-BC65-8F81EEA605A2} = {A50F26A7-81F7-4A19-A7E9-5A6AAE3C4C23}
		{7A90AA6D-3567-43F6-8F4F-3DC3C2E1777F} = {A50F26A7-81F7-4A19-A7E9-5A6AAE3C4C23}
		{6E0E7B25-96FE-4D18-A954-4E67804C8621} = {A50F26A7-81F7-4A19-A7E9-5A6AAE3C4C23}
		{3D58D91D-9D54-40D1-B4B5-6B46D504F877} = {A50F26A7-81F7-4A19-A7E9-5A6AAE3C4C23}
		{E5F8C4B5-6B0A-4AFA-B2D1-0F15E216F617} = {A50F26A7-81F7-4A19-A7E9-5A6AAE3C4C23}
		{36764501-FFBB-4C5A-8826-027A842FDF32} = {A50F26A7-81F7-4A19-A7E9-5A6AAE3C4C23}
		{ED699F67-46A0-40B1-8EEB-63AF8513F18D} = {A50F26A7-81F7-4A19-A7E9-5A6AAE3C4C23}
		{56D5ECF6-25EB-4DD9-8EC7-601F8A14258B} = {BA15B61B-0E0A-4B11-BC65-8F81EEA605A2}
		{211451B8-E711-4A6A-8A16-696984F1F651} = {FFEA8955-09A4-4B2C-ACE5-CB54BFE158E2}
		{67FDE2E8-255F-468F-8042-B1EFFA150991} = {FFEA8955-09A4-4B2C-ACE5-CB54BFE158E2}
		{AC7E7806-02F4-4283-B87E-AD70F180B3A3} = {FFEA8955-09A4-4B2C-ACE5-CB54BFE158E2}
		{9D5FE251-7FB8-4081-869D-9C31FE659D6E} = {FFEA8955-09A4-4B2C-ACE5-CB54BFE158E2}
		{DB422851-9461-4346-85C1-80B05AAFB37C} = {FFEA8955-09A4-4B2C-ACE5-CB54BFE158E2}
		{0175A6BA-00D9-4C00-8FF5-2412A70DA99A} = {FFEA8955-09A4-4B2C-ACE5-CB54BFE158E2}
		{1A9E17A1-B4A5-438B-A004-C7BF7E90EB26} = {FFEA8955-09A4-4B2C-ACE5-CB54BFE158E2}
		{505CAA70-78FC-4746-8C40-B6EB1AB8F5F7} = {BA15B61B-0E0A-4B11-BC65-8F81EEA605A2}
		{2978D62D-CC1C-4189-B11A-193D5583D73B} = {36764501-FFBB-4C5A-8826-027A842FDF32}
		{FA18F88D-0695-47DC-8C79-B9946CA6222A} = {6E0E7B25-96FE-4D18-A954-4E67804C8621}
		{565B30EA-E91F-451B-B101-73D21E6ABA24} = {6E0E7B25-96FE-4D18-A954-4E67804C8621}
		{9882E492-235A-42A3-8A64-F1077BC3A286} = {6E0E7B25-96FE-4D18-A954-4E67804C8621}
		{2879C29D-7276-464A-B841-53ABD4F4C294} = {7A90AA6D-3567-43F6-8F4F-3DC3C2E1777F}
		{878B98EE-28B2-4B63-8464-1560A149A0FD} = {7A90AA6D-3567-43F6-8F4F-3DC3C2E1777F}
		{76067658-16AD-47FB-A247-5C5DCFB1E427} = {ED699F67-46A0-40B1-8EEB-63AF8513F18D}
		{512473A3-D8BB-4C8F-8016-7CDA995427D2} = {ED699F67-46A0-40B1-8EEB-63AF8513F18D}
		{9936EEEA-FDC2-4772-A0DE-2556D4921905} = {ED699F67-46A0-40B1-8EEB-63AF8513F18D}
		{B77ABD68-3942-46CD-BF56-85C59BB202E0} = {ED699F67-46A0-40B1-8EEB-63AF8513F18D}
		{95F08584-E7A9-423B-A22D-DB551AA0A991} = {ED699F67-46A0-40B1-8EEB-63AF8513F18D}
		{6F199300-8A79-439E-992D-32B66A632952} = {ED699F67-46A0-40B1-8EEB-63AF8513F18D}
		{5C7EC85F-4B2F-400A-81E2-FFC23318026A} = {ED699F67-46A0-40B1-8EEB-63AF8513F18D}
		{245D2AD7-E006-45F3-B895-3F5888EF0502} = {ED699F67-46A0-40B1-8EEB-63AF8513F18D}
		{9FF073FB-8DA7-468E-8E10-5041F653D053} = {ED699F67-46A0-40B1-8EEB-63AF8513F18D}
		{52A13C99-8786-461D-A1F1-22E7CE02F0D4} = {36764501-FFBB-4C5A-8826-027A842FDF32}
		{10F5A1F1-F7C8-4425-9747-DEB9FADA5E17} = {36764501-FFBB-4C5A-8826-027A842FDF32}
		{1EA6F0B3-890C-4AA4-BD00-0F1372DB7FC4} = {E5F8C4B5-6B0A-4AFA-B2D1-0F15E216F617}
		{B280D780-878A-437E-A6D8-C8ADF98645C0} = {E5F8C4B5-6B0A-4AFA-B2D1-0F15E216F617}
		{AFA144C0-6B8E-4827-9274-35DCF701563D} = {E5F8C4B5-6B0A-4AFA-B2D1-0F15E216F617}
		{ACB9678B-3A6B-40FE-B1F7-B964EB8E783A} = {E5F8C4B5-6B0A-4AFA-B2D1-0F15E216F617}
	EndGlobalSection
	GlobalSection(ExtensibilityGlobals) = postSolution
		SolutionGuid = {380B5FA8-E926-4300-88C9-4017E821C524}
	EndGlobalSection
EndGlobal
